
Microsoft Visual Studio Solution File, Format Version 12.00
# Visual Studio 15
VisualStudioVersion = 15.0.27428.1
MinimumVisualStudioVersion = 10.0.40219.1
Project("{8BC9CEB8-8B4A-11D0-8D11-00A0C91BC942}") = "Containers", "Containers\Containers.vcxproj", "{32827DF1-FE3C-43D2-8E3C-37A89B2E8B17}"
EndProject
Global
	GlobalSection(SolutionConfigurationPlatforms) = preSolution
		Debug|x64 = Debug|x64
		Debug|x86 = Debug|x86
		Release|x64 = Release|x64
		Release|x86 = Release|x86
	EndGlobalSection
	GlobalSection(ProjectConfigurationPlatforms) = postSolution
		{32827DF1-FE3C-43D2-8E3C-37A89B2E8B17}.Debug|x64.ActiveCfg = Debug|x64
		{32827DF1-FE3C-43D2-8E3C-37A89B2E8B17}.Debug|x64.Build.0 = Debug|x64
		{32827DF1-FE3C-43D2-8E3C-37A89B2E8B17}.Debug|x86.ActiveCfg = Debug|Win32
		{32827DF1-FE3C-43D2-8E3C-37A89B2E8B17}.Debug|x86.Build.0 = Debug|Win32
		{32827DF1-FE3C-43D2-8E3C-37A89B2E8B17}.Release|x64.ActiveCfg = Release|x64
		{32827DF1-FE3C-43D2-8E3C-37A89B2E8B17}.Release|x64.Build.0 = Release|x64
		{32827DF1-FE3C-43D2-8E3C-37A89B2E8B17}.Release|x86.ActiveCfg = Release|Win32
		{32827DF1-FE3C-43D2-8E3C-37A89B2E8B17}.Release|x86.Build.0 = Release|Win32
	EndGlobalSection
	GlobalSection(SolutionProperties) = preSolution
		HideSolutionNode = FALSE
	EndGlobalSection
	GlobalSection(ExtensibilityGlobals) = postSolution
		SolutionGuid = {26E44FFD-4E42-450B-93A2-B47CC42ED507}
	EndGlobalSection
EndGlobal
